PODS:
  - flutter_image_compress_macos (1.0.0):
    - FlutterMacOS
  - flutter_inappwebview_macos (0.0.1):
    - FlutterMacOS
    - OrderedSet (~> 6.0.3)
  - FlutterMacOS (1.0.0)
  - image_compression_flutter (1.0.0):
    - FlutterMacOS
  - OrderedSet (6.0.3)
  - screen_brightness_macos (0.1.0):
    - FlutterMacOS

DEPENDENCIES:
  - flutter_image_compress_macos (from `Flutter/ephemeral/.symlinks/plugins/flutter_image_compress_macos/macos`)
  - flutter_inappwebview_macos (from `Flutter/ephemeral/.symlinks/plugins/flutter_inappwebview_macos/macos`)
  - FlutterMacOS (from `Flutter/ephemeral`)
  - image_compression_flutter (from `Flutter/ephemeral/.symlinks/plugins/image_compression_flutter/macos`)
  - screen_brightness_macos (from `Flutter/ephemeral/.symlinks/plugins/screen_brightness_macos/macos`)

SPEC REPOS:
  trunk:
    - OrderedSet

EXTERNAL SOURCES:
  flutter_image_compress_macos:
    :path: Flutter/ephemeral/.symlinks/plugins/flutter_image_compress_macos/macos
  flutter_inappwebview_macos:
    :path: Flutter/ephemeral/.symlinks/plugins/flutter_inappwebview_macos/macos
  FlutterMacOS:
    :path: Flutter/ephemeral
  image_compression_flutter:
    :path: Flutter/ephemeral/.symlinks/plugins/image_compression_flutter/macos
  screen_brightness_macos:
    :path: Flutter/ephemeral/.symlinks/plugins/screen_brightness_macos/macos

SPEC CHECKSUMS:
  flutter_image_compress_macos: e68daf54bb4bf2144c580fd4d151c949cbf492f0
  flutter_inappwebview_macos: c2d68649f9f8f1831bfcd98d73fd6256366d9d1d
  FlutterMacOS: d0db08ddef1a9af05a5ec4b724367152bb0500b1
  image_compression_flutter: 21154f6b3ecc846b6a20fa409108d9b1010937f0
  OrderedSet: e539b66b644ff081c73a262d24ad552a69be3a94
  screen_brightness_macos: 2a3ee243f8051c340381e8e51bcedced8360f421

PODFILE CHECKSUM: 9ebaf0ce3d369aaa26a9ea0e159195ed94724cf3

COCOAPODS: 1.16.2
